
Microsoft Visual Studio Solution File, Format Version 12.00
# Visual Studio 15
VisualStudioVersion = 15.0.28307.1000
MinimumVisualStudioVersion = 10.0.40219.1
Project("{8BC9CEB8-8B4A-11D0-8D11-00A0C91BC942}") = "Imageclassify", "ImageClassifyC\ImageClassifyC.vcxproj", "{B7D5F8BC-C83B-4648-BB96-52717C3C88D2}"
EndProject
Project("{8BC9CEB8-8B4A-11D0-8D11-00A0C91BC942}") = "Testclassify", "Testclassify\Testclassify.vcxproj", "{DE010533-1230-43AD-9A80-E6E5093F08F8}"
EndProject
Global
	GlobalSection(SolutionConfigurationPlatforms) = preSolution
		Debug|x64 = Debug|x64
		Debug|x86 = Debug|x86
		Release|x64 = Release|x64
		Release|x86 = Release|x86
	EndGlobalSection
	GlobalSection(ProjectConfigurationPlatforms) = postSolution
		{B7D5F8BC-C83B-4648-BB96-52717C3C88D2}.Debug|x64.ActiveCfg = Debug|x64
		{B7D5F8BC-C83B-4648-BB96-52717C3C88D2}.Debug|x64.Build.0 = Debug|x64
		{B7D5F8BC-C83B-4648-BB96-52717C3C88D2}.Debug|x86.ActiveCfg = Debug|x64
		{B7D5F8BC-C83B-4648-BB96-52717C3C88D2}.Release|x64.ActiveCfg = Release|x64
		{B7D5F8BC-C83B-4648-BB96-52717C3C88D2}.Release|x64.Build.0 = Release|x64
		{B7D5F8BC-C83B-4648-BB96-52717C3C88D2}.Release|x86.ActiveCfg = Release|x64
		{DE010533-1230-43AD-9A80-E6E5093F08F8}.Debug|x64.ActiveCfg = Debug|x64
		{DE010533-1230-43AD-9A80-E6E5093F08F8}.Debug|x64.Build.0 = Debug|x64
		{DE010533-1230-43AD-9A80-E6E5093F08F8}.Debug|x86.ActiveCfg = Debug|Win32
		{DE010533-1230-43AD-9A80-E6E5093F08F8}.Debug|x86.Build.0 = Debug|Win32
		{DE010533-1230-43AD-9A80-E6E5093F08F8}.Release|x64.ActiveCfg = Release|x64
		{DE010533-1230-43AD-9A80-E6E5093F08F8}.Release|x64.Build.0 = Release|x64
		{DE010533-1230-43AD-9A80-E6E5093F08F8}.Release|x86.ActiveCfg = Release|Win32
		{DE010533-1230-43AD-9A80-E6E5093F08F8}.Release|x86.Build.0 = Release|Win32
	EndGlobalSection
	GlobalSection(SolutionProperties) = preSolution
		HideSolutionNode = FALSE
	EndGlobalSection
	GlobalSection(ExtensibilityGlobals) = postSolution
		SolutionGuid = {5D0B95A1-A700-49D5-B4D5-C57F19A0B19B}
	EndGlobalSection
EndGlobal
